// !$*UTF8*$!
{
	archiveVersion = 1;
	classes = {
	};
	objectVersion = 50;
	objects = {

/* Begin PBXBuildFile section */
		86FDE79F223B100700EB0882 /* AppDelegate.swift in Sources */ = {isa = PBXBuildFile; fileRef = 86FDE79E223B100700EB0882 /* AppDelegate.swift */; };
		86FDE7A1223B100700EB0882 /* helloViewController.swift in Sources */ = {isa = PBXBuildFile; fileRef = 86FDE7A0223B100700EB0882 /* helloViewController.swift */; };
		86FDE7A4223B100700EB0882 /* Main.storyboard in Resources */ = {isa = PBXBuildFile; fileRef = 86FDE7A2223B100700EB0882 /* Main.storyboard */; };
		86FDE7A6223B100A00EB0882 /* Assets.xcassets in Resources */ = {isa = PBXBuildFile; fileRef = 86FDE7A5223B100A00EB0882 /* Assets.xcassets */; };
		86FDE7A9223B100A00EB0882 /* LaunchScreen.storyboard in Resources */ = {isa = PBXBuildFile; fileRef = 86FDE7A7223B100A00EB0882 /* LaunchScreen.storyboard */; };
		86FDE7C2223B1B6100EB0882 /* helloInteractor.swift in Sources */ = {isa = PBXBuildFile; fileRef = 86FDE7C1223B1B6100EB0882 /* helloInteractor.swift */; };
		86FDE7C4223B1B7000EB0882 /* helloPresenter.swift in Sources */ = {isa = PBXBuildFile; fileRef = 86FDE7C3223B1B7000EB0882 /* helloPresenter.swift */; };
		86FDE7D7223C4CC400EB0882 /* helloVIPTests.swift in Sources */ = {isa = PBXBuildFile; fileRef = 86FDE7D6223C4CC400EB0882 /* helloVIPTests.swift */; };
/* End PBXBuildFile section */

/* Begin PBXContainerItemProxy section */
		86FDE7B0223B100A00EB0882 /* PBXContainerItemProxy */ = {
			isa = PBXContainerItemProxy;
			containerPortal = 86FDE793223B100700EB0882 /* Project object */;
			proxyType = 1;
			remoteGlobalIDString = 86FDE79A223B100700EB0882;
			remoteInfo = helloVIP;
		};
/* End PBXContainerItemProxy section */

/* Begin PBXFileReference section */
		86FDE79B223B100700EB0882 /* helloVIP.app */ = {isa = PBXFileReference; explicitFileType = wrapper.application; includeInIndex = 0; path = helloVIP.app; sourceTree = BUILT_PRODUCTS_DIR; };
		86FDE79E223B100700EB0882 /* AppDelegate.swift */ = {isa = PBXFileReference; lastKnownFileType = sourcecode.swift; path = AppDelegate.swift; sourceTree = "<group>"; };
		86FDE7A0223B100700EB0882 /* helloViewController.swift */ = {isa = PBXFileReference; lastKnownFileType = sourcecode.swift; path = helloViewController.swift; sourceTree = "<group>"; };
		86FDE7A3223B100700EB0882 /* Base */ = {isa = PBXFileReference; lastKnownFileType = file.storyboard; name = Base; path = Base.lproj/Main.storyboard; sourceTree = "<group>"; };
		86FDE7A5223B100A00EB0882 /* Assets.xcassets */ = {isa = PBXFileReference; lastKnownFileType = folder.assetcatalog; path = Assets.xcassets; sourceTree = "<group>"; };
		86FDE7A8223B100A00EB0882 /* Base */ = {isa = PBXFileReference; lastKnownFileType = file.storyboard; name = Base; path = Base.lproj/LaunchScreen.storyboard; sourceTree = "<group>"; };
		86FDE7AA223B100A00EB0882 /* Info.plist */ = {isa = PBXFileReference; lastKnownFileType = text.plist.xml; path = Info.plist; sourceTree = "<group>"; };
		86FDE7AF223B100A00EB0882 /* helloVIPTests.xctest */ = {isa = PBXFileReference; explicitFileType = wrapper.cfbundle; includeInIndex = 0; path = helloVIPTests.xctest; sourceTree = BUILT_PRODUCTS_DIR; };
		86FDE7B5223B100A00EB0882 /* Info.plist */ = {isa = PBXFileReference; lastKnownFileType = text.plist.xml; path = Info.plist; sourceTree = "<group>"; };
		86FDE7C1223B1B6100EB0882 /* helloInteractor.swift */ = {isa = PBXFileReference; lastKnownFileType = sourcecode.swift; path = helloInteractor.swift; sourceTree = "<group>"; };
		86FDE7C3223B1B7000EB0882 /* helloPresenter.swift */ = {isa = PBXFileReference; lastKnownFileType = sourcecode.swift; path = helloPresenter.swift; sourceTree = "<group>"; };
		86FDE7D6223C4CC400EB0882 /* helloVIPTests.swift */ = {isa = PBXFileReference; fileEncoding = 4; lastKnownFileType = sourcecode.swift; path = helloVIPTests.swift; sourceTree = "<group>"; };
/* End PBXFileReference section */

/* Begin PBXFrameworksBuildPhase section */
		86FDE798223B100700EB0882 /* Frameworks */ = {
			isa = PBXFrameworksBuildPhase;
			buildActionMask = 2147483647;
			files = (
			);
			runOnlyForDeploymentPostprocessing = 0;
		};
		86FDE7AC223B100A00EB0882 /* Frameworks */ = {
			isa = PBXFrameworksBuildPhase;
			buildActionMask = 2147483647;
			files = (
			);
			runOnlyForDeploymentPostprocessing = 0;
		};
/* End PBXFrameworksBuildPhase section */

/* Begin PBXGroup section */
		86FDE792223B100700EB0882 = {
			isa = PBXGroup;
			children = (
				86FDE79D223B100700EB0882 /* helloVIP */,
				86FDE7B2223B100A00EB0882 /* helloVIPTests */,
				86FDE79C223B100700EB0882 /* Products */,
			);
			sourceTree = "<group>";
		};
		86FDE79C223B100700EB0882 /* Products */ = {
			isa = PBXGroup;
			children = (
				86FDE79B223B100700EB0882 /* helloVIP.app */,
				86FDE7AF223B100A00EB0882 /* helloVIPTests.xctest */,
			);
			name = Products;
			sourceTree = "<group>";
		};
		86FDE79D223B100700EB0882 /* helloVIP */ = {
			isa = PBXGroup;
			children = (
				86FDE7C0223B1B3400EB0882 /* Views */,
				86FDE7D4223C4B3200EB0882 /* Storyboards */,
				86FDE7A5223B100A00EB0882 /* Assets.xcassets */,
				86FDE7D5223C4B4600EB0882 /* App */,
			);
			path = helloVIP;
			sourceTree = "<group>";
		};
		86FDE7B2223B100A00EB0882 /* helloVIPTests */ = {
			isa = PBXGroup;
			children = (
				86FDE7D6223C4CC400EB0882 /* helloVIPTests.swift */,
				86FDE7B5223B100A00EB0882 /* Info.plist */,
			);
			path = helloVIPTests;
			sourceTree = "<group>";
		};
		86FDE7C0223B1B3400EB0882 /* Views */ = {
			isa = PBXGroup;
			children = (
				86FDE7A0223B100700EB0882 /* helloViewController.swift */,
				86FDE7C1223B1B6100EB0882 /* helloInteractor.swift */,
				86FDE7C3223B1B7000EB0882 /* helloPresenter.swift */,
			);
			path = Views;
			sourceTree = "<group>";
		};
		86FDE7D4223C4B3200EB0882 /* Storyboards */ = {
			isa = PBXGroup;
			children = (
				86FDE7A2223B100700EB0882 /* Main.storyboard */,
				86FDE7A7223B100A00EB0882 /* LaunchScreen.storyboard */,
			);
			path = Storyboards;
			sourceTree = "<group>";
		};
		86FDE7D5223C4B4600EB0882 /* App */ = {
			isa = PBXGroup;
			children = (
				86FDE79E223B100700EB0882 /* AppDelegate.swift */,
				86FDE7AA223B100A00EB0882 /* Info.plist */,
			);
			path = App;
			sourceTree = "<group>";
		};
/* End PBXGroup section */

/* Begin PBXNativeTarget section */
		86FDE79A223B100700EB0882 /* helloVIP */ = {
			isa = PBXNativeTarget;
			buildConfigurationList = 86FDE7B8223B100A00EB0882 /* Build configuration list for PBXNativeTarget "helloVIP" */;
			buildPhases = (
				86FDE797223B100700EB0882 /* Sources */,
				86FDE798223B100700EB0882 /* Frameworks */,
				86FDE799223B100700EB0882 /* Resources */,
			);
			buildRules = (
			);
			dependencies = (
			);
			name = helloVIP;
			productName = helloVIP;
			productReference = 86FDE79B223B100700EB0882 /* helloVIP.app */;
			productType = "com.apple.product-type.application";
		};
		86FDE7AE223B100A00EB0882 /* helloVIPTests */ = {
			isa = PBXNativeTarget;
			buildConfigurationList = 86FDE7BB223B100A00EB0882 /* Build configuration list for PBXNativeTarget "helloVIPTests" */;
			buildPhases = (
				86FDE7AB223B100A00EB0882 /* Sources */,
				86FDE7AC223B100A00EB0882 /* Frameworks */,
				86FDE7AD223B100A00EB0882 /* Resources */,
			);
			buildRules = (
			);
			dependencies = (
				86FDE7B1223B100A00EB0882 /* PBXTargetDependency */,
			);
			name = helloVIPTests;
			productName = helloVIPTests;
			productReference = 86FDE7AF223B100A00EB0882 /* helloVIPTests.xctest */;
			productType = "com.apple.product-type.bundle.unit-test";
		};
/* End PBXNativeTarget section */

/* Begin PBXProject section */
		86FDE793223B100700EB0882 /* Project object */ = {
			isa = PBXProject;
			attributes = {
				LastSwiftUpdateCheck = 1020;
				LastUpgradeCheck = 1020;
				ORGANIZATIONNAME = "Jules Burt";
				TargetAttributes = {
					86FDE79A223B100700EB0882 = {
						CreatedOnToolsVersion = 10.2;
					};
					86FDE7AE223B100A00EB0882 = {
						CreatedOnToolsVersion = 10.2;
						LastSwiftMigration = 1020;
						TestTargetID = 86FDE79A223B100700EB0882;
					};
				};
			};
			buildConfigurationList = 86FDE796223B100700EB0882 /* Build configuration list for PBXProject "helloVIP" */;
			compatibilityVersion = "Xcode 9.3";
			developmentRegion = en;
			hasScannedForEncodings = 0;
			knownRegions = (
				en,
				Base,
			);
			mainGroup = 86FDE792223B100700EB0882;
			productRefGroup = 86FDE79C223B100700EB0882 /* Products */;
			projectDirPath = "";
			projectRoot = "";
			targets = (
				86FDE79A223B100700EB0882 /* helloVIP */,
				86FDE7AE223B100A00EB0882 /* helloVIPTests */,
			);
		};
/* End PBXProject section */

/* Begin PBXResourcesBuildPhase section */
		86FDE799223B100700EB0882 /* Resources */ = {
			isa = PBXResourcesBuildPhase;
			buildActionMask = 2147483647;
			files = (
				86FDE7A9223B100A00EB0882 /* LaunchScreen.storyboard in Resources */,
				86FDE7A6223B100A00EB0882 /* Assets.xcassets in Resources */,
				86FDE7A4223B100700EB0882 /* Main.storyboard in Resources */,
			);
			runOnlyForDeploymentPostprocessing = 0;
		};
		86FDE7AD223B100A00EB0882 /* Resources */ = {
			isa = PBXResourcesBuildPhase;
			buildActionMask = 2147483647;
			files = (
			);
			runOnlyForDeploymentPostprocessing = 0;
		};
/* End PBXResourcesBuildPhase section */

/* Begin PBXSourcesBuildPhase section */
		86FDE797223B100700EB0882 /* Sources */ = {
			isa = PBXSourcesBuildPhase;
			buildActionMask = 2147483647;
			files = (
				86FDE7A1223B100700EB0882 /* helloViewController.swift in Sources */,
				86FDE79F223B100700EB0882 /* AppDelegate.swift in Sources */,
				86FDE7C2223B1B6100EB0882 /* helloInteractor.swift in Sources */,
				86FDE7C4223B1B7000EB0882 /* helloPresenter.swift in Sources */,
			);
			runOnlyForDeploymentPostprocessing = 0;
		};
		86FDE7AB223B100A00EB0882 /* Sources */ = {
			isa = PBXSourcesBuildPhase;
			buildActionMask = 2147483647;
			files = (
				86FDE7D7223C4CC400EB0882 /* helloVIPTests.swift in Sources */,
			);
			runOnlyForDeploymentPostprocessing = 0;
		};
/* End PBXSourcesBuildPhase section */

/* Begin PBXTargetDependency section */
		86FDE7B1223B100A00EB0882 /* PBXTargetDependency */ = {
			isa = PBXTargetDependency;
			target = 86FDE79A223B100700EB0882 /* helloVIP */;
			targetProxy = 86FDE7B0223B100A00EB0882 /* PBXContainerItemProxy */;
		};
/* End PBXTargetDependency section */

/* Begin PBXVariantGroup section */
		86FDE7A2223B100700EB0882 /* Main.storyboard */ = {
			isa = PBXVariantGroup;
			children = (
				86FDE7A3223B100700EB0882 /* Base */,
			);
			name = Main.storyboard;
			sourceTree = "<group>";
		};
		86FDE7A7223B100A00EB0882 /* LaunchScreen.storyboard */ = {
			isa = PBXVariantGroup;
			children = (
				86FDE7A8223B100A00EB0882 /* Base */,
			);
			name = LaunchScreen.storyboard;
			sourceTree = "<group>";
		};
/* End PBXVariantGroup section */

/* Begin XCBuildConfiguration section */
		86FDE7B6223B100A00EB0882 /* Debug */ = {
			isa = XCBuildConfiguration;
			buildSettings = {
				ALWAYS_SEARCH_USER_PATHS = NO;
				CLANG_ANALYZER_NONNULL = YES;
				CLANG_ANALYZER_NUMBER_OBJECT_CONVERSION = YES_AGGRESSIVE;
				CLANG_CXX_LANGUAGE_STANDARD = "gnu++14";
				CLANG_CXX_LIBRARY = "libc++";
				CLANG_ENABLE_MODULES = YES;
				CLANG_ENABLE_OBJC_ARC = YES;
				CLANG_ENABLE_OBJC_WEAK = YES;
				CLANG_WARN_BLOCK_CAPTURE_AUTORELEASING = YES;
				CLANG_WARN_BOOL_CONVERSION = YES;
				CLANG_WARN_COMMA = YES;
				CLANG_WARN_CONSTANT_CONVERSION = YES;
				CLANG_WARN_DEPRECATED_OBJC_IMPLEMENTATIONS = YES;
				CLANG_WARN_DIRECT_OBJC_ISA_USAGE = YES_ERROR;
				CLANG_WARN_DOCUMENTATION_COMMENTS = YES;
				CLANG_WARN_EMPTY_BODY = YES;
				CLANG_WARN_ENUM_CONVERSION = YES;
				CLANG_WARN_INFINITE_RECURSION = YES;
				CLANG_WARN_INT_CONVERSION = YES;
				CLANG_WARN_NON_LITERAL_NULL_CONVERSION = YES;
				CLANG_WARN_OBJC_IMPLICIT_RETAIN_SELF = YES;
				CLANG_WARN_OBJC_LITERAL_CONVERSION = YES;
				CLANG_WARN_OBJC_ROOT_CLASS = YES_ERROR;
				CLANG_WARN_RANGE_LOOP_ANALYSIS = YES;
				CLANG_WARN_STRICT_PROTOTYPES = YES;
				CLANG_WARN_SUSPICIOUS_MOVE = YES;
				CLANG_WARN_UNGUARDED_AVAILABILITY = YES_AGGRESSIVE;
				CLANG_WARN_UNREACHABLE_CODE = YES;
				CLANG_WARN__DUPLICATE_METHOD_MATCH = YES;
				CODE_SIGN_IDENTITY = "iPhone Developer";
				COPY_PHASE_STRIP = NO;
				DEBUG_INFORMATION_FORMAT = dwarf;
				ENABLE_STRICT_OBJC_MSGSEND = YES;
				ENABLE_TESTABILITY = YES;
				GCC_C_LANGUAGE_STANDARD = gnu11;
				GCC_DYNAMIC_NO_PIC = NO;
				GCC_NO_COMMON_BLOCKS = YES;
				GCC_OPTIMIZATION_LEVEL = 0;
				GCC_PREPROCESSOR_DEFINITIONS = (
					"DEBUG=1",
					"$(inherited)",
				);
				GCC_WARN_64_TO_32_BIT_CONVERSION = YES;
				GCC_WARN_ABOUT_RETURN_TYPE = YES_ERROR;
				GCC_WARN_UNDECLARED_SELECTOR = YES;
				GCC_WARN_UNINITIALIZED_AUTOS = YES_AGGRESSIVE;
				GCC_WARN_UNUSED_FUNCTION = YES;
				GCC_WARN_UNUSED_VARIABLE = YES;
				IPHONEOS_DEPLOYMENT_TARGET = 12.2;
				MTL_ENABLE_DEBUG_INFO = INCLUDE_SOURCE;
				MTL_FAST_MATH = YES;
				ONLY_ACTIVE_ARCH = YES;
				SDKROOT = iphoneos;
				SWIFT_ACTIVE_COMPILATION_CONDITIONS = DEBUG;
				SWIFT_OPTIMIZATION_LEVEL = "-Onone";
			};
			name = Debug;
		};
		86FDE7B7223B100A00EB0882 /* Release */ = {
			isa = XCBuildConfiguration;
			buildSettings = {
				ALWAYS_SEARCH_USER_PATHS = NO;
				CLANG_ANALYZER_NONNULL = YES;
				CLANG_ANALYZER_NUMBER_OBJECT_CONVERSION = YES_AGGRESSIVE;
				CLANG_CXX_LANGUAGE_STANDARD = "gnu++14";
				CLANG_CXX_LIBRARY = "libc++";
				CLANG_ENABLE_MODULES = YES;
				CLANG_ENABLE_OBJC_ARC = YES;
				CLANG_ENABLE_OBJC_WEAK = YES;
				CLANG_WARN_BLOCK_CAPTURE_AUTORELEASING = YES;
				CLANG_WARN_BOOL_CONVERSION = YES;
				CLANG_WARN_COMMA = YES;
				CLANG_WARN_CONSTANT_CONVERSION = YES;
				CLANG_WARN_DEPRECATED_OBJC_IMPLEMENTATIONS = YES;
				CLANG_WARN_DIRECT_OBJC_ISA_USAGE = YES_ERROR;
				CLANG_WARN_DOCUMENTATION_COMMENTS = YES;
				CLANG_WARN_EMPTY_BODY = YES;
				CLANG_WARN_ENUM_CONVERSION = YES;
				CLANG_WARN_INFINITE_RECURSION = YES;
				CLANG_WARN_INT_CONVERSION = YES;
				CLANG_WARN_NON_LITERAL_NULL_CONVERSION = YES;
				CLANG_WARN_OBJC_IMPLICIT_RETAIN_SELF = YES;
				CLANG_WARN_OBJC_LITERAL_CONVERSION = YES;
				CLANG_WARN_OBJC_ROOT_CLASS = YES_ERROR;
				CLANG_WARN_RANGE_LOOP_ANALYSIS = YES;
				CLANG_WARN_STRICT_PROTOTYPES = YES;
				CLANG_WARN_SUSPICIOUS_MOVE = YES;
				CLANG_WARN_UNGUARDED_AVAILABILITY = YES_AGGRESSIVE;
				CLANG_WARN_UNREACHABLE_CODE = YES;
				CLANG_WARN__DUPLICATE_METHOD_MATCH = YES;
				CODE_SIGN_IDENTITY = "iPhone Developer";
				COPY_PHASE_STRIP = NO;
				DEBUG_INFORMATION_FORMAT = "dwarf-with-dsym";
				ENABLE_NS_ASSERTIONS = NO;
				ENABLE_STRICT_OBJC_MSGSEND = YES;
				GCC_C_LANGUAGE_STANDARD = gnu11;
				GCC_NO_COMMON_BLOCKS = YES;
				GCC_WARN_64_TO_32_BIT_CONVERSION = YES;
				GCC_WARN_ABOUT_RETURN_TYPE = YES_ERROR;
				GCC_WARN_UNDECLARED_SELECTOR = YES;
				GCC_WARN_UNINITIALIZED_AUTOS = YES_AGGRESSIVE;
				GCC_WARN_UNUSED_FUNCTION = YES;
				GCC_WARN_UNUSED_VARIABLE = YES;
				IPHONEOS_DEPLOYMENT_TARGET = 12.2;
				MTL_ENABLE_DEBUG_INFO = NO;
				MTL_FAST_MATH = YES;
				SDKROOT = iphoneos;
				SWIFT_COMPILATION_MODE = wholemodule;
				SWIFT_OPTIMIZATION_LEVEL = "-O";
				VALIDATE_PRODUCT = YES;
			};
			name = Release;
		};
		86FDE7B9223B100A00EB0882 /* Debug */ = {
			isa = XCBuildConfiguration;
			buildSettings = {
				ASSETCATALOG_COMPILER_APPICON_NAME = AppIcon;
				CODE_SIGN_STYLE = Automatic;
				DEVELOPMENT_TEAM = ZU9YSQ22FQ;
				INFOPLIST_FILE = "$(SRCROOT)/helloVIP/App/Info.plist";
				LD_RUNPATH_SEARCH_PATHS = (
					"$(inherited)",
					"@executable_path/Frameworks",
				);
				PRODUCT_BUNDLE_IDENTIFIER = com.bethegame.helloVIP;
				PRODUCT_NAME = "$(TARGET_NAME)";
				SWIFT_VERSION = 5.0;
				TARGETED_DEVICE_FAMILY = "1,2";
			};
			name = Debug;
		};
		86FDE7BA223B100A00EB0882 /* Release */ = {
			isa = XCBuildConfiguration;
			buildSettings = {
				ASSETCATALOG_COMPILER_APPICON_NAME = AppIcon;
				CODE_SIGN_STYLE = Automatic;
				DEVELOPMENT_TEAM = ZU9YSQ22FQ;
				INFOPLIST_FILE = "$(SRCROOT)/helloVIP/App/Info.plist";
				LD_RUNPATH_SEARCH_PATHS = (
					"$(inherited)",
					"@executable_path/Frameworks",
				);
				PRODUCT_BUNDLE_IDENTIFIER = com.bethegame.helloVIP;
				PRODUCT_NAME = "$(TARGET_NAME)";
				SWIFT_VERSION = 5.0;
				TARGETED_DEVICE_FAMILY = "1,2";
			};
			name = Release;
		};
		86FDE7BC223B100A00EB0882 /* Debug */ = {
			isa = XCBuildConfiguration;
			buildSettings = {
				ALWAYS_EMBED_SWIFT_STANDARD_LIBRARIES = YES;
				BUNDLE_LOADER = "$(TEST_HOST)";
				CLANG_ENABLE_MODULES = YES;
				CODE_SIGN_STYLE = Automatic;
				DEVELOPMENT_TEAM = P47K9N654T;
				INFOPLIST_FILE = helloVIPTests/Info.plist;
				LD_RUNPATH_SEARCH_PATHS = (
					"$(inherited)",
					"@executable_path/Frameworks",
					"@loader_path/Frameworks",
				);
				PRODUCT_BUNDLE_IDENTIFIER = com.braintest.helloVIPTests;
				PRODUCT_NAME = "$(TARGET_NAME)";
				SWIFT_OPTIMIZATION_LEVEL = "-Onone";
				SWIFT_VERSION = 5.0;
				TARGETED_DEVICE_FAMILY = "1,2";
				TEST_HOST = "$(BUILT_PRODUCTS_DIR)/helloVIP.app/helloVIP";
			};
			name = Debug;
		};
		86FDE7BD223B100A00EB0882 /* Release */ = {
			isa = XCBuildConfiguration;
			buildSettings = {
				ALWAYS_EMBED_SWIFT_STANDARD_LIBRARIES = YES;
				BUNDLE_LOADER = "$(TEST_HOST)";
				CLANG_ENABLE_MODULES = YES;
				CODE_SIGN_STYLE = Automatic;
				DEVELOPMENT_TEAM = P47K9N654T;
				INFOPLIST_FILE = helloVIPTests/Info.plist;
				LD_RUNPATH_SEARCH_PATHS = (
					"$(inherited)",
					"@executable_path/Frameworks",
					"@loader_path/Frameworks",
				);
				PRODUCT_BUNDLE_IDENTIFIER = com.braintest.helloVIPTests;
				PRODUCT_NAME = "$(TARGET_NAME)";
				SWIFT_VERSION = 5.0;
				TARGETED_DEVICE_FAMILY = "1,2";
				TEST_HOST = "$(BUILT_PRODUCTS_DIR)/helloVIP.app/helloVIP";
			};
			name = Release;
		};
/* End XCBuildConfiguration section */

/* Begin XCConfigurationList section */
		86FDE796223B100700EB0882 /* Build configuration list for PBXProject "helloVIP" */ = {
			isa = XCConfigurationList;
			buildConfigurations = (
				86FDE7B6223B100A00EB0882 /* Debug */,
				86FDE7B7223B100A00EB0882 /* Release */,
			);
			defaultConfigurationIsVisible = 0;
			defaultConfigurationName = Release;
		};
		86FDE7B8223B100A00EB0882 /* Build configuration list for PBXNativeTarget "helloVIP" */ = {
			isa = XCConfigurationList;
			buildConfigurations = (
				86FDE7B9223B100A00EB0882 /* Debug */,
				86FDE7BA223B100A00EB0882 /* Release */,
			);
			defaultConfigurationIsVisible = 0;
			defaultConfigurationName = Release;
		};
		86FDE7BB223B100A00EB0882 /* Build configuration list for PBXNativeTarget "helloVIPTests" */ = {
			isa = XCConfigurationList;
			buildConfigurations = (
				86FDE7BC223B100A00EB0882 /* Debug */,
				86FDE7BD223B100A00EB0882 /* Release */,
			);
			defaultConfigurationIsVisible = 0;
			defaultConfigurationName = Release;
		};
/* End XCConfigurationList section */
	};
	rootObject = 86FDE793223B100700EB0882 /* Project object */;
}
